
Microsoft Visual Studio Solution File, Format Version 12.00
# Visual Studio Version 17
VisualStudioVersion = 17.13.35806.99 d17.13
MinimumVisualStudioVersion = 10.0.40219.1
Project("{FAE04EC0-301F-11D3-BF4B-00C04F79EFBC}") = "SignalRApi", "SignalRApi\SignalRApi.csproj", "{5526D1DF-1502-479F-A995-7C136AFD602E}"
EndProject
Project("{FAE04EC0-301F-11D3-BF4B-00C04F79EFBC}") = "SİgnalRwebUI", "SİgnalRwebUI\SİgnalRwebUI.csproj", "{90EEB7EE-D031-4D64-906D-CB47A11E8705}"
EndProject
Project("{FAE04EC0-301F-11D3-BF4B-00C04F79EFBC}") = "SignalREntitiyLayer", "SignalREntitiyLayer\SignalREntitiyLayer.csproj", "{3EC01BD5-6340-459B-9E87-200223A81DB9}"
EndProject
Project("{FAE04EC0-301F-11D3-BF4B-00C04F79EFBC}") = "SİgnalR.DataAccsessLayer", "SİgnalR.DataAccsessLayer\SİgnalR.DataAccsessLayer.csproj", "{1D8CF81E-032A-4206-9CCD-0958200203C8}"
EndProject
Project("{FAE04EC0-301F-11D3-BF4B-00C04F79EFBC}") = "SignalR.DtoLayer", "SignalR.DtoLayer\SignalR.DtoLayer.csproj", "{F0D9CEC8-7F01-4E22-AFF4-9AFC40B489FD}"
EndProject
Project("{FAE04EC0-301F-11D3-BF4B-00C04F79EFBC}") = "SignalR.BusinessLayer", "SignalR.BusinessLayer\SignalR.BusinessLayer.csproj", "{9D1B1E36-58F9-449E-ADD5-D3EFE68EF2F9}"
EndProject
Global
	GlobalSection(SolutionConfigurationPlatforms) = preSolution
		Debug|Any CPU = Debug|Any CPU
		Release|Any CPU = Release|Any CPU
	EndGlobalSection
	GlobalSection(ProjectConfigurationPlatforms) = postSolution
		{5526D1DF-1502-479F-A995-7C136AFD602E}.Debug|Any CPU.ActiveCfg = Debug|Any CPU
		{5526D1DF-1502-479F-A995-7C136AFD602E}.Debug|Any CPU.Build.0 = Debug|Any CPU
		{5526D1DF-1502-479F-A995-7C136AFD602E}.Release|Any CPU.ActiveCfg = Release|Any CPU
		{5526D1DF-1502-479F-A995-7C136AFD602E}.Release|Any CPU.Build.0 = Release|Any CPU
		{90EEB7EE-D031-4D64-906D-CB47A11E8705}.Debug|Any CPU.ActiveCfg = Debug|Any CPU
		{90EEB7EE-D031-4D64-906D-CB47A11E8705}.Debug|Any CPU.Build.0 = Debug|Any CPU
		{90EEB7EE-D031-4D64-906D-CB47A11E8705}.Release|Any CPU.ActiveCfg = Release|Any CPU
		{90EEB7EE-D031-4D64-906D-CB47A11E8705}.Release|Any CPU.Build.0 = Release|Any CPU
		{3EC01BD5-6340-459B-9E87-200223A81DB9}.Debug|Any CPU.ActiveCfg = Debug|Any CPU
		{3EC01BD5-6340-459B-9E87-200223A81DB9}.Debug|Any CPU.Build.0 = Debug|Any CPU
		{3EC01BD5-6340-459B-9E87-200223A81DB9}.Release|Any CPU.ActiveCfg = Release|Any CPU
		{3EC01BD5-6340-459B-9E87-200223A81DB9}.Release|Any CPU.Build.0 = Release|Any CPU
		{1D8CF81E-032A-4206-9CCD-0958200203C8}.Debug|Any CPU.ActiveCfg = Debug|Any CPU
		{1D8CF81E-032A-4206-9CCD-0958200203C8}.Debug|Any CPU.Build.0 = Debug|Any CPU
		{1D8CF81E-032A-4206-9CCD-0958200203C8}.Release|Any CPU.ActiveCfg = Release|Any CPU
		{1D8CF81E-032A-4206-9CCD-0958200203C8}.Release|Any CPU.Build.0 = Release|Any CPU
		{F0D9CEC8-7F01-4E22-AFF4-9AFC40B489FD}.Debug|Any CPU.ActiveCfg = Debug|Any CPU
		{F0D9CEC8-7F01-4E22-AFF4-9AFC40B489FD}.Debug|Any CPU.Build.0 = Debug|Any CPU
		{F0D9CEC8-7F01-4E22-AFF4-9AFC40B489FD}.Release|Any CPU.ActiveCfg = Release|Any CPU
		{F0D9CEC8-7F01-4E22-AFF4-9AFC40B489FD}.Release|Any CPU.Build.0 = Release|Any CPU
		{9D1B1E36-58F9-449E-ADD5-D3EFE68EF2F9}.Debug|Any CPU.ActiveCfg = Debug|Any CPU
		{9D1B1E36-58F9-449E-ADD5-D3EFE68EF2F9}.Debug|Any CPU.Build.0 = Debug|Any CPU
		{9D1B1E36-58F9-449E-ADD5-D3EFE68EF2F9}.Release|Any CPU.ActiveCfg = Release|Any CPU
		{9D1B1E36-58F9-449E-ADD5-D3EFE68EF2F9}.Release|Any CPU.Build.0 = Release|Any CPU
	EndGlobalSection
	GlobalSection(SolutionProperties) = preSolution
		HideSolutionNode = FALSE
	EndGlobalSection
	GlobalSection(ExtensibilityGlobals) = postSolution
		SolutionGuid = {425AFDBE-C0C5-4238-BBA7-CDFD7028D77B}
	EndGlobalSection
EndGlobal
